// !$*UTF8*$!
{
	archiveVersion = 1;
	classes = {
	};
	objectVersion = 46;
	objects = {

/* Begin PBXBuildFile section */
		2209C0A51833EA02000CD66A /* RadDownloadViewController.m in Sources */ = {isa = PBXBuildFile; fileRef = 2209C0A41833EA02000CD66A /* RadDownloadViewController.m */; };
		2209C0A818342359000CD66A /* RadTitleView.m in Sources */ = {isa = PBXBuildFile; fileRef = 2209C0A718342359000CD66A /* RadTitleView.m */; };
		2209C0AB18347E9F000CD66A /* RadNavigationController.m in Sources */ = {isa = PBXBuildFile; fileRef = 2209C0AA18347E9F000CD66A /* RadNavigationController.m */; };
		2209C0AD183497F5000CD66A /* icon-large.png in Resources */ = {isa = PBXBuildFile; fileRef = 2209C0AC183497F5000CD66A /* icon-large.png */; };
		2209C0AF18352847000CD66A /* MapKit.framework in Frameworks */ = {isa = PBXBuildFile; fileRef = 2209C0AE18352847000CD66A /* MapKit.framework */; };
		2209C0B118352F37000CD66A /* CoreLocation.framework in Frameworks */ = {isa = PBXBuildFile; fileRef = 2209C0B018352F37000CD66A /* CoreLocation.framework */; };
		221118D6184A7413009C816E /* UGConnection.m in Sources */ = {isa = PBXBuildFile; fileRef = 221118D5184A7413009C816E /* UGConnection.m */; };
		22120D871876173E0007B346 /* Social.framework in Frameworks */ = {isa = PBXBuildFile; fileRef = 22120D861876173E0007B346 /* Social.framework */; };
		22120D89187617470007B346 /* CoreBluetooth.framework in Frameworks */ = {isa = PBXBuildFile; fileRef = 22120D88187617470007B346 /* CoreBluetooth.framework */; };
		2221D76C182F582700B12A75 /* RadWebViewController.m in Sources */ = {isa = PBXBuildFile; fileRef = 2221D76B182F582700B12A75 /* RadWebViewController.m */; };
		222EB5F4183745FF004CDD51 /* rounded-256.png in Resources */ = {isa = PBXBuildFile; fileRef = 222EB5F3183745FF004CDD51 /* rounded-256.png */; };
		223F07E11828B41E00271ED7 /* AVFoundation.framework in Frameworks */ = {isa = PBXBuildFile; fileRef = 223F07E01828B41E00271ED7 /* AVFoundation.framework */; };
		223F07E31828B43000271ED7 /* MediaPlayer.framework in Frameworks */ = {isa = PBXBuildFile; fileRef = 223F07E21828B43000271ED7 /* MediaPlayer.framework */; };
		2251D5DB182C8CFF006B6190 /* 137-presentation.png in Resources */ = {isa = PBXBuildFile; fileRef = 2251D5D1182C8CFF006B6190 /* 137-presentation.png */; };
		2251D5DC182C8CFF006B6190 /* 137-presentation@2x.png in Resources */ = {isa = PBXBuildFile; fileRef = 2251D5D2182C8CFF006B6190 /* 137-presentation@2x.png */; };
		2251D5DF182C8CFF006B6190 /* 166-newspaper.png in Resources */ = {isa = PBXBuildFile; fileRef = 2251D5D5182C8CFF006B6190 /* 166-newspaper.png */; };
		2251D5E0182C8CFF006B6190 /* 166-newspaper@2x.png in Resources */ = {isa = PBXBuildFile; fileRef = 2251D5D6182C8CFF006B6190 /* 166-newspaper@2x.png */; };
		2251D5E1182C8CFF006B6190 /* 190-bank.png in Resources */ = {isa = PBXBuildFile; fileRef = 2251D5D7182C8CFF006B6190 /* 190-bank.png */; };
		2251D5E2182C8CFF006B6190 /* 190-bank@2x.png in Resources */ = {isa = PBXBuildFile; fileRef = 2251D5D8182C8CFF006B6190 /* 190-bank@2x.png */; };
		2251D5E6182C8F52006B6190 /* icon.png in Resources */ = {isa = PBXBuildFile; fileRef = 2251D5E5182C8F52006B6190 /* icon.png */; };
		2251D5E8182C90B6006B6190 /* seedling.png in Resources */ = {isa = PBXBuildFile; fileRef = 2251D5E7182C90B6006B6190 /* seedling.png */; };
		2251D5EB182D85B9006B6190 /* RadTableViewController.m in Sources */ = {isa = PBXBuildFile; fileRef = 2251D5EA182D85B9006B6190 /* RadTableViewController.m */; };
		225A62A0187905EE009A7DA4 /* Attendee.m in Sources */ = {isa = PBXBuildFile; fileRef = 225A6283187905EE009A7DA4 /* Attendee.m */; };
		225A62A1187905EE009A7DA4 /* AttendeeAdvertiser.m in Sources */ = {isa = PBXBuildFile; fileRef = 225A6285187905EE009A7DA4 /* AttendeeAdvertiser.m */; };
		225A62A2187905EE009A7DA4 /* AttendeeBrowser.m in Sources */ = {isa = PBXBuildFile; fileRef = 225A6287187905EE009A7DA4 /* AttendeeBrowser.m */; };
		225A62A3187905EE009A7DA4 /* AttendeeRecord.m in Sources */ = {isa = PBXBuildFile; fileRef = 225A6289187905EE009A7DA4 /* AttendeeRecord.m */; };
		225A62A4187905EE009A7DA4 /* AttendeeStore.m in Sources */ = {isa = PBXBuildFile; fileRef = 225A628B187905EE009A7DA4 /* AttendeeStore.m */; };
		225A62A5187905EE009A7DA4 /* AttendeeView.m in Sources */ = {isa = PBXBuildFile; fileRef = 225A628D187905EE009A7DA4 /* AttendeeView.m */; };
		225A62A6187905EE009A7DA4 /* NSString+HashColor.m in Sources */ = {isa = PBXBuildFile; fileRef = 225A628F187905EE009A7DA4 /* NSString+HashColor.m */; };
		225A62A7187905EE009A7DA4 /* NSString+MD5.m in Sources */ = {isa = PBXBuildFile; fileRef = 225A6291187905EE009A7DA4 /* NSString+MD5.m */; };
		225A62AA187905EE009A7DA4 /* Twitter.png in Resources */ = {isa = PBXBuildFile; fileRef = 225A6295187905EE009A7DA4 /* Twitter.png */; };
		225A62AB187905EE009A7DA4 /* Twitter@2x.png in Resources */ = {isa = PBXBuildFile; fileRef = 225A6296187905EE009A7DA4 /* Twitter@2x.png */; };
		225A62AC187905EE009A7DA4 /* TwitterAccountViewController.m in Sources */ = {isa = PBXBuildFile; fileRef = 225A6298187905EE009A7DA4 /* TwitterAccountViewController.m */; };
		225A62AD187905EE009A7DA4 /* TwitterHistoryViewController.m in Sources */ = {isa = PBXBuildFile; fileRef = 225A629A187905EE009A7DA4 /* TwitterHistoryViewController.m */; };
		225A62AF187905EE009A7DA4 /* TwitterMobViewController.m in Sources */ = {isa = PBXBuildFile; fileRef = 225A629D187905EE009A7DA4 /* TwitterMobViewController.m */; };
		225A62B0187905EE009A7DA4 /* TwitterStore.m in Sources */ = {isa = PBXBuildFile; fileRef = 225A629F187905EE009A7DA4 /* TwitterStore.m */; };
		225E49BF1878D88400073130 /* 32-circle-south.png in Resources */ = {isa = PBXBuildFile; fileRef = 225E49BD1878D88400073130 /* 32-circle-south.png */; };
		225E49C01878D88400073130 /* 32-circle-south@2x.png in Resources */ = {isa = PBXBuildFile; fileRef = 225E49BE1878D88400073130 /* 32-circle-south@2x.png */; };
		225E49C31878D8B700073130 /* 209-twitter.png in Resources */ = {isa = PBXBuildFile; fileRef = 225E49C11878D8B700073130 /* 209-twitter.png */; };
		225E49C41878D8B700073130 /* 209-twitter@2x.png in Resources */ = {isa = PBXBuildFile; fileRef = 225E49C21878D8B700073130 /* 209-twitter@2x.png */; };
		225E49C71878E14900073130 /* 01-refresh.png in Resources */ = {isa = PBXBuildFile; fileRef = 225E49C51878E14900073130 /* 01-refresh.png */; };
		225E49C81878E14900073130 /* 01-refresh@2x.png in Resources */ = {isa = PBXBuildFile; fileRef = 225E49C61878E14900073130 /* 01-refresh@2x.png */; };
		22782DF918305A8B00C4CF29 /* NSMutableString+SafeAppend.m in Sources */ = {isa = PBXBuildFile; fileRef = 22782DF818305A8B00C4CF29 /* NSMutableString+SafeAppend.m */; };
		2280D91F183F10DA00D43FBB /* routes.nu in Resources */ = {isa = PBXBuildFile; fileRef = 2280D91E183F10DA00D43FBB /* routes.nu */; };
		229610A3182DB12100400C7C /* compile.c in Sources */ = {isa = PBXBuildFile; fileRef = 22961098182DB12100400C7C /* compile.c */; };
		229610A4182DB12100400C7C /* markdown_lib.m in Sources */ = {isa = PBXBuildFile; fileRef = 2296109B182DB12100400C7C /* markdown_lib.m */; settings = {COMPILER_FLAGS = "-fno-objc-arc"; }; };
		229610A5182DB12100400C7C /* markdown_output.m in Sources */ = {isa = PBXBuildFile; fileRef = 2296109C182DB12100400C7C /* markdown_output.m */; settings = {COMPILER_FLAGS = "-fno-objc-arc"; }; };
		229610A6182DB12100400C7C /* markdown_parser.m in Sources */ = {isa = PBXBuildFile; fileRef = 2296109D182DB12100400C7C /* markdown_parser.m */; settings = {COMPILER_FLAGS = "-fno-objc-arc"; }; };
		229610A8182DB12100400C7C /* tree.c in Sources */ = {isa = PBXBuildFile; fileRef = 229610A1182DB12100400C7C /* tree.c */; };
		229610AC182EA5AC00400C7C /* RadTableViewCell.m in Sources */ = {isa = PBXBuildFile; fileRef = 229610AB182EA5AC00400C7C /* RadTableViewCell.m */; };
		229610AF182F308100400C7C /* RadStyleManager.m in Sources */ = {isa = PBXBuildFile; fileRef = 229610AE182F308100400C7C /* RadStyleManager.m */; };
		22AC94E61827724600CF3379 /* Foundation.framework in Frameworks */ = {isa = PBXBuildFile; fileRef = 824A9DDA1724E16400C9BD79 /* Foundation.framework */; };
		22AC94E71827724600CF3379 /* CoreGraphics.framework in Frameworks */ = {isa = PBXBuildFile; fileRef = 824A9DDC1724E16400C9BD79 /* CoreGraphics.framework */; };
		22AC94E81827724600CF3379 /* UIKit.framework in Frameworks */ = {isa = PBXBuildFile; fileRef = 824A9DD81724E16400C9BD79 /* UIKit.framework */; };
		22AC951C1827727700CF3379 /* AppDelegate.m in Sources */ = {isa = PBXBuildFile; fileRef = 22AC95121827727700CF3379 /* AppDelegate.m */; };
		22AC951E1827727700CF3379 /* Images.xcassets in Resources */ = {isa = PBXBuildFile; fileRef = 22AC95151827727700CF3379 /* Images.xcassets */; };
		22AC951F1827727700CF3379 /* InfoPlist.strings in Resources */ = {isa = PBXBuildFile; fileRef = 22AC95171827727700CF3379 /* InfoPlist.strings */; };
		22AC95211827727700CF3379 /* main.m in Sources */ = {isa = PBXBuildFile; fileRef = 22AC951A1827727700CF3379 /* main.m */; };
		22AC95361827728700CF3379 /* RadHTTPClient.m in Sources */ = {isa = PBXBuildFile; fileRef = 22AC95271827728700CF3379 /* RadHTTPClient.m */; };
		22AC95391827728700CF3379 /* RadHTTPHelpers.m in Sources */ = {isa = PBXBuildFile; fileRef = 22AC95291827728700CF3379 /* RadHTTPHelpers.m */; };
		22AC953C1827728700CF3379 /* RadHTTPResult.m in Sources */ = {isa = PBXBuildFile; fileRef = 22AC952B1827728700CF3379 /* RadHTTPResult.m */; };
		22AC95421827728700CF3379 /* SFConnection.m in Sources */ = {isa = PBXBuildFile; fileRef = 22AC95301827728700CF3379 /* SFConnection.m */; };
		22AC9545182809CF00CF3379 /* Conference.m in Sources */ = {isa = PBXBuildFile; fileRef = 22AC9544182809CF00CF3379 /* Conference.m */; };
		22AC955D18289CF700CF3379 /* RadBinaryEncoding.m in Sources */ = {isa = PBXBuildFile; fileRef = 22AC955618289CF700CF3379 /* RadBinaryEncoding.m */; };
		22AC956018289CF700CF3379 /* RadCrypto.m in Sources */ = {isa = PBXBuildFile; fileRef = 22AC955818289CF700CF3379 /* RadCrypto.m */; };
		22AC956318289CF700CF3379 /* RadUUID.m in Sources */ = {isa = PBXBuildFile; fileRef = 22AC955A18289CF700CF3379 /* RadUUID.m */; };
		22C2A936183EBD720012ECCB /* RadRequest.m in Sources */ = {isa = PBXBuildFile; fileRef = 22C2A931183EBD720012ECCB /* RadRequest.m */; };
		22C2A937183EBD720012ECCB /* RadRequestHandler.m in Sources */ = {isa = PBXBuildFile; fileRef = 22C2A933183EBD720012ECCB /* RadRequestHandler.m */; };
		22C2A938183EBD720012ECCB /* RadRequestRouter.m in Sources */ = {isa = PBXBuildFile; fileRef = 22C2A935183EBD720012ECCB /* RadRequestRouter.m */; };
		22C2A943183EBD980012ECCB /* Nu.m in Sources */ = {isa = PBXBuildFile; fileRef = 22C2A940183EBD980012ECCB /* Nu.m */; };
		22DE2B041836FBC80002E9BB /* yes.png in Resources */ = {isa = PBXBuildFile; fileRef = 22DE2B031836FBC80002E9BB /* yes.png */; };
		22DE2B061836FBCD0002E9BB /* no.png in Resources */ = {isa = PBXBuildFile; fileRef = 22DE2B051836FBCD0002E9BB /* no.png */; };
		22DE2B09183701CC0002E9BB /* RadFormDataManager.m in Sources */ = {isa = PBXBuildFile; fileRef = 22DE2B08183701CC0002E9BB /* RadFormDataManager.m */; };
		22E5168E182B24AE00099B1F /* UIImage+Mask.m in Sources */ = {isa = PBXBuildFile; fileRef = 22E5168D182B24AE00099B1F /* UIImage+Mask.m */; };
/* End PBXBuildFile section */

/* Begin PBXFileReference section */
		2209C0A31833EA02000CD66A /* RadDownloadViewController.h */ = {isa = PBXFileReference; fileEncoding = 4; lastKnownFileType = sourcecode.c.h; lineEnding = 0; path = RadDownloadViewController.h; sourceTree = "<group>"; xcLanguageSpecificationIdentifier = xcode.lang.objcpp; };
		2209C0A41833EA02000CD66A /* RadDownloadViewController.m */ = {isa = PBXFileReference; fileEncoding = 4; lastKnownFileType = sourcecode.c.objc; lineEnding = 0; path = RadDownloadViewController.m; sourceTree = "<group>"; xcLanguageSpecificationIdentifier = xcode.lang.objc; };
		2209C0A618342359000CD66A /* RadTitleView.h */ = {isa = PBXFileReference; fileEncoding = 4; lastKnownFileType = sourcecode.c.h; lineEnding = 0; path = RadTitleView.h; sourceTree = "<group>"; xcLanguageSpecificationIdentifier = xcode.lang.objcpp; };
		2209C0A718342359000CD66A /* RadTitleView.m */ = {isa = PBXFileReference; fileEncoding = 4; lastKnownFileType = sourcecode.c.objc; lineEnding = 0; path = RadTitleView.m; sourceTree = "<group>"; xcLanguageSpecificationIdentifier = xcode.lang.objc; };
		2209C0A918347E9F000CD66A /* RadNavigationController.h */ = {isa = PBXFileReference; fileEncoding = 4; lastKnownFileType = sourcecode.c.h; lineEnding = 0; path = RadNavigationController.h; sourceTree = "<group>"; xcLanguageSpecificationIdentifier = xcode.lang.objcpp; };
		2209C0AA18347E9F000CD66A /* RadNavigationController.m */ = {isa = PBXFileReference; fileEncoding = 4; lastKnownFileType = sourcecode.c.objc; lineEnding = 0; path = RadNavigationController.m; sourceTree = "<group>"; xcLanguageSpecificationIdentifier = xcode.lang.objc; };
		2209C0AC183497F5000CD66A /* icon-large.png */ = {isa = PBXFileReference; lastKnownFileType = image.png; path = "icon-large.png"; sourceTree = "<group>"; };
		2209C0AE18352847000CD66A /* MapKit.framework */ = {isa = PBXFileReference; lastKnownFileType = wrapper.framework; name = MapKit.framework; path = System/Library/Frameworks/MapKit.framework; sourceTree = SDKROOT; };
		2209C0B018352F37000CD66A /* CoreLocation.framework */ = {isa = PBXFileReference; lastKnownFileType = wrapper.framework; name = CoreLocation.framework; path = System/Library/Frameworks/CoreLocation.framework; sourceTree = SDKROOT; };
		221118D4184A7413009C816E /* UGConnection.h */ = {isa = PBXFileReference; fileEncoding = 4; lastKnownFileType = sourcecode.c.h; path = UGConnection.h; sourceTree = "<group>"; };
		221118D5184A7413009C816E /* UGConnection.m */ = {isa = PBXFileReference; fileEncoding = 4; lastKnownFileType = sourcecode.c.objc; path = UGConnection.m; sourceTree = "<group>"; };
		22120D861876173E0007B346 /* Social.framework */ = {isa = PBXFileReference; lastKnownFileType = wrapper.framework; name = Social.framework; path = System/Library/Frameworks/Social.framework; sourceTree = SDKROOT; };
		22120D88187617470007B346 /* CoreBluetooth.framework */ = {isa = PBXFileReference; lastKnownFileType = wrapper.framework; name = CoreBluetooth.framework; path = System/Library/Frameworks/CoreBluetooth.framework; sourceTree = SDKROOT; };
		2221D76A182F582700B12A75 /* RadWebViewController.h */ = {isa = PBXFileReference; fileEncoding = 4; lastKnownFileType = sourcecode.c.h; lineEnding = 0; path = RadWebViewController.h; sourceTree = "<group>"; xcLanguageSpecificationIdentifier = xcode.lang.objcpp; };
		2221D76B182F582700B12A75 /* RadWebViewController.m */ = {isa = PBXFileReference; fileEncoding = 4; lastKnownFileType = sourcecode.c.objc; lineEnding = 0; path = RadWebViewController.m; sourceTree = "<group>"; xcLanguageSpecificationIdentifier = xcode.lang.objc; };
		222EB5F3183745FF004CDD51 /* rounded-256.png */ = {isa = PBXFileReference; lastKnownFileType = image.png; path = "rounded-256.png"; sourceTree = "<group>"; };
		223F07E01828B41E00271ED7 /* AVFoundation.framework */ = {isa = PBXFileReference; lastKnownFileType = wrapper.framework; name = AVFoundation.framework; path = System/Library/Frameworks/AVFoundation.framework; sourceTree = SDKROOT; };
		223F07E21828B43000271ED7 /* MediaPlayer.framework */ = {isa = PBXFileReference; lastKnownFileType = wrapper.framework; name = MediaPlayer.framework; path = System/Library/Frameworks/MediaPlayer.framework; sourceTree = SDKROOT; };
		2251D5D1182C8CFF006B6190 /* 137-presentation.png */ = {isa = PBXFileReference; lastKnownFileType = image.png; path = "137-presentation.png"; sourceTree = "<group>"; };
		2251D5D2182C8CFF006B6190 /* 137-presentation@2x.png */ = {isa = PBXFileReference; lastKnownFileType = image.png; path = "137-presentation@2x.png"; sourceTree = "<group>"; };
		2251D5D5182C8CFF006B6190 /* 166-newspaper.png */ = {isa = PBXFileReference; lastKnownFileType = image.png; path = "166-newspaper.png"; sourceTree = "<group>"; };
		2251D5D6182C8CFF006B6190 /* 166-newspaper@2x.png */ = {isa = PBXFileReference; lastKnownFileType = image.png; path = "166-newspaper@2x.png"; sourceTree = "<group>"; };
		2251D5D7182C8CFF006B6190 /* 190-bank.png */ = {isa = PBXFileReference; lastKnownFileType = image.png; path = "190-bank.png"; sourceTree = "<group>"; };
		2251D5D8182C8CFF006B6190 /* 190-bank@2x.png */ = {isa = PBXFileReference; lastKnownFileType = image.png; path = "190-bank@2x.png"; sourceTree = "<group>"; };
		2251D5E5182C8F52006B6190 /* icon.png */ = {isa = PBXFileReference; lastKnownFileType = image.png; path = icon.png; sourceTree = "<group>"; };
		2251D5E7182C90B6006B6190 /* seedling.png */ = {isa = PBXFileReference; lastKnownFileType = image.png; path = seedling.png; sourceTree = "<group>"; };
		2251D5E9182D85B9006B6190 /* RadTableViewController.h */ = {isa = PBXFileReference; fileEncoding = 4; lastKnownFileType = sourcecode.c.h; lineEnding = 0; path = RadTableViewController.h; sourceTree = "<group>"; xcLanguageSpecificationIdentifier = xcode.lang.objcpp; };
		2251D5EA182D85B9006B6190 /* RadTableViewController.m */ = {isa = PBXFileReference; fileEncoding = 4; lastKnownFileType = sourcecode.c.objc; lineEnding = 0; path = RadTableViewController.m; sourceTree = "<group>"; xcLanguageSpecificationIdentifier = xcode.lang.objc; };
		225A6282187905EE009A7DA4 /* Attendee.h */ = {isa = PBXFileReference; fileEncoding = 4; lastKnownFileType = sourcecode.c.h; path = Attendee.h; sourceTree = "<group>"; };
		225A6283187905EE009A7DA4 /* Attendee.m */ = {isa = PBXFileReference; fileEncoding = 4; lastKnownFileType = sourcecode.c.objc; path = Attendee.m; sourceTree = "<group>"; };
		225A6284187905EE009A7DA4 /* AttendeeAdvertiser.h */ = {isa = PBXFileReference; fileEncoding = 4; lastKnownFileType = sourcecode.c.h; path = AttendeeAdvertiser.h; sourceTree = "<group>"; };
		225A6285187905EE009A7DA4 /* AttendeeAdvertiser.m */ = {isa = PBXFileReference; fileEncoding = 4; lastKnownFileType = sourcecode.c.objc; path = AttendeeAdvertiser.m; sourceTree = "<group>"; };
		225A6286187905EE009A7DA4 /* AttendeeBrowser.h */ = {isa = PBXFileReference; fileEncoding = 4; lastKnownFileType = sourcecode.c.h; path = AttendeeBrowser.h; sourceTree = "<group>"; };
		225A6287187905EE009A7DA4 /* AttendeeBrowser.m */ = {isa = PBXFileReference; fileEncoding = 4; lastKnownFileType = sourcecode.c.objc; path = AttendeeBrowser.m; sourceTree = "<group>"; };
		225A6288187905EE009A7DA4 /* AttendeeRecord.h */ = {isa = PBXFileReference; fileEncoding = 4; lastKnownFileType = sourcecode.c.h; path = AttendeeRecord.h; sourceTree = "<group>"; };
		225A6289187905EE009A7DA4 /* AttendeeRecord.m */ = {isa = PBXFileReference; fileEncoding = 4; lastKnownFileType = sourcecode.c.objc; path = AttendeeRecord.m; sourceTree = "<group>"; };
		225A628A187905EE009A7DA4 /* AttendeeStore.h */ = {isa = PBXFileReference; fileEncoding = 4; lastKnownFileType = sourcecode.c.h; path = AttendeeStore.h; sourceTree = "<group>"; };
		225A628B187905EE009A7DA4 /* AttendeeStore.m */ = {isa = PBXFileReference; fileEncoding = 4; lastKnownFileType = sourcecode.c.objc; path = AttendeeStore.m; sourceTree = "<group>"; };
		225A628C187905EE009A7DA4 /* AttendeeView.h */ = {isa = PBXFileReference; fileEncoding = 4; lastKnownFileType = sourcecode.c.h; path = AttendeeView.h; sourceTree = "<group>"; };
		225A628D187905EE009A7DA4 /* AttendeeView.m */ = {isa = PBXFileReference; fileEncoding = 4; lastKnownFileType = sourcecode.c.objc; path = AttendeeView.m; sourceTree = "<group>"; };
		225A628E187905EE009A7DA4 /* NSString+HashColor.h */ = {isa = PBXFileReference; fileEncoding = 4; lastKnownFileType = sourcecode.c.h; path = "NSString+HashColor.h"; sourceTree = "<group>"; };
		225A628F187905EE009A7DA4 /* NSString+HashColor.m */ = {isa = PBXFileReference; fileEncoding = 4; lastKnownFileType = sourcecode.c.objc; path = "NSString+HashColor.m"; sourceTree = "<group>"; };
		225A6290187905EE009A7DA4 /* NSString+MD5.h */ = {isa = PBXFileReference; fileEncoding = 4; lastKnownFileType = sourcecode.c.h; path = "NSString+MD5.h"; sourceTree = "<group>"; };
		225A6291187905EE009A7DA4 /* NSString+MD5.m */ = {isa = PBXFileReference; fileEncoding = 4; lastKnownFileType = sourcecode.c.objc; path = "NSString+MD5.m"; sourceTree = "<group>"; };
		225A6295187905EE009A7DA4 /* Twitter.png */ = {isa = PBXFileReference; lastKnownFileType = image.png; path = Twitter.png; sourceTree = "<group>"; };
		225A6296187905EE009A7DA4 /* Twitter@2x.png */ = {isa = PBXFileReference; lastKnownFileType = image.png; path = "Twitter@2x.png"; sourceTree = "<group>"; };
		225A6297187905EE009A7DA4 /* TwitterAccountViewController.h */ = {isa = PBXFileReference; fileEncoding = 4; lastKnownFileType = sourcecode.c.h; path = TwitterAccountViewController.h; sourceTree = "<group>"; };
		225A6298187905EE009A7DA4 /* TwitterAccountViewController.m */ = {isa = PBXFileReference; fileEncoding = 4; lastKnownFileType = sourcecode.c.objc; path = TwitterAccountViewController.m; sourceTree = "<group>"; };
		225A6299187905EE009A7DA4 /* TwitterHistoryViewController.h */ = {isa = PBXFileReference; fileEncoding = 4; lastKnownFileType = sourcecode.c.h; path = TwitterHistoryViewController.h; sourceTree = "<group>"; };
		225A629A187905EE009A7DA4 /* TwitterHistoryViewController.m */ = {isa = PBXFileReference; fileEncoding = 4; lastKnownFileType = sourcecode.c.objc; path = TwitterHistoryViewController.m; sourceTree = "<group>"; };
		225A629C187905EE009A7DA4 /* TwitterMobViewController.h */ = {isa = PBXFileReference; fileEncoding = 4; lastKnownFileType = sourcecode.c.h; path = TwitterMobViewController.h; sourceTree = "<group>"; };
		225A629D187905EE009A7DA4 /* TwitterMobViewController.m */ = {isa = PBXFileReference; fileEncoding = 4; lastKnownFileType = sourcecode.c.objc; path = TwitterMobViewController.m; sourceTree = "<group>"; };
		225A629E187905EE009A7DA4 /* TwitterStore.h */ = {isa = PBXFileReference; fileEncoding = 4; lastKnownFileType = sourcecode.c.h; path = TwitterStore.h; sourceTree = "<group>"; };
		225A629F187905EE009A7DA4 /* TwitterStore.m */ = {isa = PBXFileReference; fileEncoding = 4; lastKnownFileType = sourcecode.c.objc; path = TwitterStore.m; sourceTree = "<group>"; };
		225E49BD1878D88400073130 /* 32-circle-south.png */ = {isa = PBXFileReference; lastKnownFileType = image.png; path = "32-circle-south.png"; sourceTree = "<group>"; };
		225E49BE1878D88400073130 /* 32-circle-south@2x.png */ = {isa = PBXFileReference; lastKnownFileType = image.png; path = "32-circle-south@2x.png"; sourceTree = "<group>"; };
		225E49C11878D8B700073130 /* 209-twitter.png */ = {isa = PBXFileReference; lastKnownFileType = image.png; path = "209-twitter.png"; sourceTree = "<group>"; };
		225E49C21878D8B700073130 /* 209-twitter@2x.png */ = {isa = PBXFileReference; lastKnownFileType = image.png; path = "209-twitter@2x.png"; sourceTree = "<group>"; };
		225E49C51878E14900073130 /* 01-refresh.png */ = {isa = PBXFileReference; lastKnownFileType = image.png; path = "01-refresh.png"; sourceTree = "<group>"; };
		225E49C61878E14900073130 /* 01-refresh@2x.png */ = {isa = PBXFileReference; lastKnownFileType = image.png; path = "01-refresh@2x.png"; sourceTree = "<group>"; };
		22782DF718305A8B00C4CF29 /* NSMutableString+SafeAppend.h */ = {isa = PBXFileReference; fileEncoding = 4; lastKnownFileType = sourcecode.c.h; lineEnding = 0; path = "NSMutableString+SafeAppend.h"; sourceTree = "<group>"; xcLanguageSpecificationIdentifier = xcode.lang.objcpp; };
		22782DF818305A8B00C4CF29 /* NSMutableString+SafeAppend.m */ = {isa = PBXFileReference; fileEncoding = 4; lastKnownFileType = sourcecode.c.objc; lineEnding = 0; path = "NSMutableString+SafeAppend.m"; sourceTree = "<group>"; xcLanguageSpecificationIdentifier = xcode.lang.objc; };
		2280D91E183F10DA00D43FBB /* routes.nu */ = {isa = PBXFileReference; fileEncoding = 4; lastKnownFileType = text; path = routes.nu; sourceTree = "<group>"; };
		22961098182DB12100400C7C /* compile.c */ = {isa = PBXFileReference; fileEncoding = 4; lastKnownFileType = sourcecode.c.c; path = compile.c; sourceTree = "<group>"; };
		22961099182DB12100400C7C /* greg.h */ = {isa = PBXFileReference; fileEncoding = 4; lastKnownFileType = sourcecode.c.h; path = greg.h; sourceTree = "<group>"; };
		2296109A182DB12100400C7C /* markdown_lib.h */ = {isa = PBXFileReference; fileEncoding = 4; lastKnownFileType = sourcecode.c.h; path = markdown_lib.h; sourceTree = "<group>"; };
		2296109B182DB12100400C7C /* markdown_lib.m */ = {isa = PBXFileReference; fileEncoding = 4; lastKnownFileType = sourcecode.c.objc; path = markdown_lib.m; sourceTree = "<group>"; };
		2296109C182DB12100400C7C /* markdown_output.m */ = {isa = PBXFileReference; fileEncoding = 4; lastKnownFileType = sourcecode.c.objc; path = markdown_output.m; sourceTree = "<group>"; };
		2296109D182DB12100400C7C /* markdown_parser.m */ = {isa = PBXFileReference; fileEncoding = 4; lastKnownFileType = sourcecode.c.objc; path = markdown_parser.m; sourceTree = "<group>"; };
		2296109E182DB12100400C7C /* markdown_peg.h */ = {isa = PBXFileReference; fileEncoding = 4; lastKnownFileType = sourcecode.c.h; path = markdown_peg.h; sourceTree = "<group>"; };
		229610A0182DB12100400C7C /* platform.h */ = {isa = PBXFileReference; fileEncoding = 4; lastKnownFileType = sourcecode.c.h; path = platform.h; sourceTree = "<group>"; };
		229610A1182DB12100400C7C /* tree.c */ = {isa = PBXFileReference; fileEncoding = 4; lastKnownFileType = sourcecode.c.c; path = tree.c; sourceTree = "<group>"; };
		229610AA182EA5AC00400C7C /* RadTableViewCell.h */ = {isa = PBXFileReference; fileEncoding = 4; lastKnownFileType = sourcecode.c.h; lineEnding = 0; path = RadTableViewCell.h; sourceTree = "<group>"; xcLanguageSpecificationIdentifier = xcode.lang.objcpp; };
		229610AB182EA5AC00400C7C /* RadTableViewCell.m */ = {isa = PBXFileReference; fileEncoding = 4; lastKnownFileType = sourcecode.c.objc; lineEnding = 0; path = RadTableViewCell.m; sourceTree = "<group>"; xcLanguageSpecificationIdentifier = xcode.lang.objc; };
		229610AD182F308100400C7C /* RadStyleManager.h */ = {isa = PBXFileReference; fileEncoding = 4; lastKnownFileType = sourcecode.c.h; lineEnding = 0; path = RadStyleManager.h; sourceTree = "<group>"; xcLanguageSpecificationIdentifier = xcode.lang.objcpp; };
		229610AE182F308100400C7C /* RadStyleManager.m */ = {isa = PBXFileReference; fileEncoding = 4; lastKnownFileType = sourcecode.c.objc; lineEnding = 0; path = RadStyleManager.m; sourceTree = "<group>"; xcLanguageSpecificationIdentifier = xcode.lang.objc; };
		22AC94E51827724600CF3379 /* renio.app */ = {isa = PBXFileReference; explicitFileType = wrapper.application; includeInIndex = 0; path = renio.app; sourceTree = BUILT_PRODUCTS_DIR; };
		22AC95111827727700CF3379 /* AppDelegate.h */ = {isa = PBXFileReference; fileEncoding = 4; lastKnownFileType = sourcecode.c.h; path = AppDelegate.h; sourceTree = "<group>"; };
		22AC95121827727700CF3379 /* AppDelegate.m */ = {isa = PBXFileReference; fileEncoding = 4; lastKnownFileType = sourcecode.c.objc; path = AppDelegate.m; sourceTree = "<group>"; };
		22AC95151827727700CF3379 /* Images.xcassets */ = {isa = PBXFileReference; lastKnownFileType = folder.assetcatalog; path = Images.xcassets; sourceTree = "<group>"; };
		22AC95181827727700CF3379 /* en */ = {isa = PBXFileReference; lastKnownFileType = text.plist.strings; name = en; path = en.lproj/InfoPlist.strings; sourceTree = "<group>"; };
		22AC95191827727700CF3379 /* Info.plist */ = {isa = PBXFileReference; fileEncoding = 4; lastKnownFileType = text.plist.xml; path = Info.plist; sourceTree = "<group>"; };
		22AC951A1827727700CF3379 /* main.m */ = {isa = PBXFileReference; fileEncoding = 4; lastKnownFileType = sourcecode.c.objc; path = main.m; sourceTree = "<group>"; };
		22AC951B1827727700CF3379 /* Prefix.pch */ = {isa = PBXFileReference; fileEncoding = 4; lastKnownFileType = sourcecode.c.h; path = Prefix.pch; sourceTree = "<group>"; };
		22AC95261827728700CF3379 /* RadHTTPClient.h */ = {isa = PBXFileReference; fileEncoding = 4; lastKnownFileType = sourcecode.c.h; path = RadHTTPClient.h; sourceTree = "<group>"; };
		22AC95271827728700CF3379 /* RadHTTPClient.m */ = {isa = PBXFileReference; fileEncoding = 4; lastKnownFileType = sourcecode.c.objc; path = RadHTTPClient.m; sourceTree = "<group>"; };
		22AC95281827728700CF3379 /* RadHTTPHelpers.h */ = {isa = PBXFileReference; fileEncoding = 4; lastKnownFileType = sourcecode.c.h; path = RadHTTPHelpers.h; sourceTree = "<group>"; };
		22AC95291827728700CF3379 /* RadHTTPHelpers.m */ = {isa = PBXFileReference; fileEncoding = 4; lastKnownFileType = sourcecode.c.objc; path = RadHTTPHelpers.m; sourceTree = "<group>"; };
		22AC952A1827728700CF3379 /* RadHTTPResult.h */ = {isa = PBXFileReference; fileEncoding = 4; lastKnownFileType = sourcecode.c.h; path = RadHTTPResult.h; sourceTree = "<group>"; };
		22AC952B1827728700CF3379 /* RadHTTPResult.m */ = {isa = PBXFileReference; fileEncoding = 4; lastKnownFileType = sourcecode.c.objc; path = RadHTTPResult.m; sourceTree = "<group>"; };
		22AC952F1827728700CF3379 /* SFConnection.h */ = {isa = PBXFileReference; fileEncoding = 4; lastKnownFileType = sourcecode.c.h; lineEnding = 0; path = SFConnection.h; sourceTree = "<group>"; xcLanguageSpecificationIdentifier = xcode.lang.objcpp; };
		22AC95301827728700CF3379 /* SFConnection.m */ = {isa = PBXFileReference; fileEncoding = 4; lastKnownFileType = sourcecode.c.objc; lineEnding = 0; path = SFConnection.m; sourceTree = "<group>"; xcLanguageSpecificationIdentifier = xcode.lang.objc; };
		22AC9543182809CF00CF3379 /* Conference.h */ = {isa = PBXFileReference; fileEncoding = 4; lastKnownFileType = sourcecode.c.h; lineEnding = 0; path = Conference.h; sourceTree = "<group>"; xcLanguageSpecificationIdentifier = xcode.lang.objcpp; };
		22AC9544182809CF00CF3379 /* Conference.m */ = {isa = PBXFileReference; fileEncoding = 4; lastKnownFileType = sourcecode.c.objc; lineEnding = 0; path = Conference.m; sourceTree = "<group>"; xcLanguageSpecificationIdentifier = xcode.lang.objc; };
		22AC954618280AB500CF3379 /* RadHTTP.h */ = {isa = PBXFileReference; fileEncoding = 4; lastKnownFileType = sourcecode.c.h; path = RadHTTP.h; sourceTree = "<group>"; };
		22AC955518289CF700CF3379 /* RadBinaryEncoding.h */ = {isa = PBXFileReference; fileEncoding = 4; lastKnownFileType = sourcecode.c.h; path = RadBinaryEncoding.h; sourceTree = "<group>"; };
		22AC955618289CF700CF3379 /* RadBinaryEncoding.m */ = {isa = PBXFileReference; fileEncoding = 4; lastKnownFileType = sourcecode.c.objc; path = RadBinaryEncoding.m; sourceTree = "<group>"; };
		22AC955718289CF700CF3379 /* RadCrypto.h */ = {isa = PBXFileReference; fileEncoding = 4; lastKnownFileType = sourcecode.c.h; path = RadCrypto.h; sourceTree = "<group>"; };
		22AC955818289CF700CF3379 /* RadCrypto.m */ = {isa = PBXFileReference; fileEncoding = 4; lastKnownFileType = sourcecode.c.objc; path = RadCrypto.m; sourceTree = "<group>"; };
		22AC955918289CF700CF3379 /* RadUUID.h */ = {isa = PBXFileReference; fileEncoding = 4; lastKnownFileType = sourcecode.c.h; path = RadUUID.h; sourceTree = "<group>"; };
		22AC955A18289CF700CF3379 /* RadUUID.m */ = {isa = PBXFileReference; fileEncoding = 4; lastKnownFileType = sourcecode.c.objc; path = RadUUID.m; sourceTree = "<group>"; };
		22C2A930183EBD720012ECCB /* RadRequest.h */ = {isa = PBXFileReference; fileEncoding = 4; lastKnownFileType = sourcecode.c.h; path = RadRequest.h; sourceTree = "<group>"; };
		22C2A931183EBD720012ECCB /* RadRequest.m */ = {isa = PBXFileReference; fileEncoding = 4; lastKnownFileType = sourcecode.c.objc; path = RadRequest.m; sourceTree = "<group>"; };
		22C2A932183EBD720012ECCB /* RadRequestHandler.h */ = {isa = PBXFileReference; fileEncoding = 4; lastKnownFileType = sourcecode.c.h; path = RadRequestHandler.h; sourceTree = "<group>"; };
		22C2A933183EBD720012ECCB /* RadRequestHandler.m */ = {isa = PBXFileReference; fileEncoding = 4; lastKnownFileType = sourcecode.c.objc; path = RadRequestHandler.m; sourceTree = "<group>"; };
		22C2A934183EBD720012ECCB /* RadRequestRouter.h */ = {isa = PBXFileReference; fileEncoding = 4; lastKnownFileType = sourcecode.c.h; path = RadRequestRouter.h; sourceTree = "<group>"; };
		22C2A935183EBD720012ECCB /* RadRequestRouter.m */ = {isa = PBXFileReference; fileEncoding = 4; lastKnownFileType = sourcecode.c.objc; path = RadRequestRouter.m; sourceTree = "<group>"; };
		22C2A940183EBD980012ECCB /* Nu.m */ = {isa = PBXFileReference; fileEncoding = 4; lastKnownFileType = sourcecode.c.objc; path = Nu.m; sourceTree = "<group>"; };
		22C2A941183EBD980012ECCB /* Nu.h */ = {isa = PBXFileReference; fileEncoding = 4; lastKnownFileType = sourcecode.c.h; path = Nu.h; sourceTree = "<group>"; };
		22DC31EC1825B21E000243AA /* XCTest.framework */ = {isa = PBXFileReference; lastKnownFileType = wrapper.framework; name = XCTest.framework; path = Library/Frameworks/XCTest.framework; sourceTree = DEVELOPER_DIR; };
		22DE2B031836FBC80002E9BB /* yes.png */ = {isa = PBXFileReference; lastKnownFileType = image.png; path = yes.png; sourceTree = "<group>"; };
		22DE2B051836FBCD0002E9BB /* no.png */ = {isa = PBXFileReference; lastKnownFileType = image.png; path = no.png; sourceTree = "<group>"; };
		22DE2B07183701CC0002E9BB /* RadFormDataManager.h */ = {isa = PBXFileReference; fileEncoding = 4; lastKnownFileType = sourcecode.c.h; lineEnding = 0; path = RadFormDataManager.h; sourceTree = "<group>"; xcLanguageSpecificationIdentifier = xcode.lang.objcpp; };
		22DE2B08183701CC0002E9BB /* RadFormDataManager.m */ = {isa = PBXFileReference; fileEncoding = 4; lastKnownFileType = sourcecode.c.objc; lineEnding = 0; path = RadFormDataManager.m; sourceTree = "<group>"; xcLanguageSpecificationIdentifier = xcode.lang.objc; };
		22E5168C182B24AE00099B1F /* UIImage+Mask.h */ = {isa = PBXFileReference; fileEncoding = 4; lastKnownFileType = sourcecode.c.h; lineEnding = 0; path = "UIImage+Mask.h"; sourceTree = "<group>"; xcLanguageSpecificationIdentifier = xcode.lang.objcpp; };
		22E5168D182B24AE00099B1F /* UIImage+Mask.m */ = {isa = PBXFileReference; fileEncoding = 4; lastKnownFileType = sourcecode.c.objc; lineEnding = 0; path = "UIImage+Mask.m"; sourceTree = "<group>"; xcLanguageSpecificationIdentifier = xcode.lang.objc; };
		824A9DD81724E16400C9BD79 /* UIKit.framework */ = {isa = PBXFileReference; lastKnownFileType = wrapper.framework; name = UIKit.framework; path = System/Library/Frameworks/UIKit.framework; sourceTree = SDKROOT; };
		824A9DDA1724E16400C9BD79 /* Foundation.framework */ = {isa = PBXFileReference; lastKnownFileType = wrapper.framework; name = Foundation.framework; path = System/Library/Frameworks/Foundation.framework; sourceTree = SDKROOT; };
		824A9DDC1724E16400C9BD79 /* CoreGraphics.framework */ = {isa = PBXFileReference; lastKnownFileType = wrapper.framework; name = CoreGraphics.framework; path = System/Library/Frameworks/CoreGraphics.framework; sourceTree = SDKROOT; };
		824A9FE71725098F00C9BD79 /* libxml2.dylib */ = {isa = PBXFileReference; lastKnownFileType = "compiled.mach-o.dylib"; name = libxml2.dylib; path = usr/lib/libxml2.dylib; sourceTree = SDKROOT; };
		824A9FE91725099600C9BD79 /* libz.dylib */ = {isa = PBXFileReference; lastKnownFileType = "compiled.mach-o.dylib"; name = libz.dylib; path = usr/lib/libz.dylib; sourceTree = SDKROOT; };
		824A9FEB17250ADA00C9BD79 /* CFNetwork.framework */ = {isa = PBXFileReference; lastKnownFileType = wrapper.framework; name = CFNetwork.framework; path = System/Library/Frameworks/CFNetwork.framework; sourceTree = SDKROOT; };
		824A9FED17250AE500C9BD79 /* CoreData.framework */ = {isa = PBXFileReference; lastKnownFileType = wrapper.framework; name = CoreData.framework; path = System/Library/Frameworks/CoreData.framework; sourceTree = SDKROOT; };
		824A9FEF17250B7C00C9BD79 /* MessageUI.framework */ = {isa = PBXFileReference; lastKnownFileType = wrapper.framework; name = MessageUI.framework; path = System/Library/Frameworks/MessageUI.framework; sourceTree = SDKROOT; };
		824A9FF117250B8300C9BD79 /* MobileCoreServices.framework */ = {isa = PBXFileReference; lastKnownFileType = wrapper.framework; name = MobileCoreServices.framework; path = System/Library/Frameworks/MobileCoreServices.framework; sourceTree = SDKROOT; };
		824A9FF317250BF300C9BD79 /* QuartzCore.framework */ = {isa = PBXFileReference; lastKnownFileType = wrapper.framework; name = QuartzCore.framework; path = System/Library/Frameworks/QuartzCore.framework; sourceTree = SDKROOT; };
		824A9FF517250BFA00C9BD79 /* Security.framework */ = {isa = PBXFileReference; lastKnownFileType = wrapper.framework; name = Security.framework; path = System/Library/Frameworks/Security.framework; sourceTree = SDKROOT; };
		824A9FF717250C0100C9BD79 /* SystemConfiguration.framework */ = {isa = PBXFileReference; lastKnownFileType = wrapper.framework; name = SystemConfiguration.framework; path = System/Library/Frameworks/SystemConfiguration.framework; sourceTree = SDKROOT; };
/* End PBXFileReference section */

/* Begin PBXFrameworksBuildPhase section */
		22AC94E21827724600CF3379 /* Frameworks */ = {
			isa = PBXFrameworksBuildPhase;
			buildActionMask = 2147483647;
			files = (
				22120D89187617470007B346 /* CoreBluetooth.framework in Frameworks */,
				22120D871876173E0007B346 /* Social.framework in Frameworks */,
				2209C0B118352F37000CD66A /* CoreLocation.framework in Frameworks */,
				2209C0AF18352847000CD66A /* MapKit.framework in Frameworks */,
				223F07E31828B43000271ED7 /* MediaPlayer.framework in Frameworks */,
				223F07E11828B41E00271ED7 /* AVFoundation.framework in Frameworks */,
				22AC94E71827724600CF3379 /* CoreGraphics.framework in Frameworks */,
				22AC94E81827724600CF3379 /* UIKit.framework in Frameworks */,
				22AC94E61827724600CF3379 /* Foundation.framework in Frameworks */,
			);
			runOnlyForDeploymentPostprocessing = 0;
		};
/* End PBXFrameworksBuildPhase section */

/* Begin PBXGroup section */
		221118D3184A7413009C816E /* Usergrid */ = {
			isa = PBXGroup;
			children = (
				221118D4184A7413009C816E /* UGConnection.h */,
				221118D5184A7413009C816E /* UGConnection.m */,
			);
			path = Usergrid;
			sourceTree = "<group>";
		};
		2251D5D0182C8CFF006B6190 /* Resources */ = {
			isa = PBXGroup;
			children = (
				225E49C51878E14900073130 /* 01-refresh.png */,
				225E49C61878E14900073130 /* 01-refresh@2x.png */,
				225E49BD1878D88400073130 /* 32-circle-south.png */,
				225E49BE1878D88400073130 /* 32-circle-south@2x.png */,
				2251D5D1182C8CFF006B6190 /* 137-presentation.png */,
				2251D5D2182C8CFF006B6190 /* 137-presentation@2x.png */,
				2251D5D5182C8CFF006B6190 /* 166-newspaper.png */,
				2251D5D6182C8CFF006B6190 /* 166-newspaper@2x.png */,
				2251D5D7182C8CFF006B6190 /* 190-bank.png */,
				2251D5D8182C8CFF006B6190 /* 190-bank@2x.png */,
				225E49C11878D8B700073130 /* 209-twitter.png */,
				225E49C21878D8B700073130 /* 209-twitter@2x.png */,
				2209C0AC183497F5000CD66A /* icon-large.png */,
				2251D5E5182C8F52006B6190 /* icon.png */,
				22DE2B051836FBCD0002E9BB /* no.png */,
				222EB5F3183745FF004CDD51 /* rounded-256.png */,
				2280D91E183F10DA00D43FBB /* routes.nu */,
				2251D5E7182C90B6006B6190 /* seedling.png */,
				22DE2B031836FBC80002E9BB /* yes.png */,
			);
			path = Resources;
			sourceTree = "<group>";
		};
		225A6281187905EE009A7DA4 /* TwitterMob */ = {
			isa = PBXGroup;
			children = (
				225A6282187905EE009A7DA4 /* Attendee.h */,
				225A6283187905EE009A7DA4 /* Attendee.m */,
				225A6284187905EE009A7DA4 /* AttendeeAdvertiser.h */,
				225A6285187905EE009A7DA4 /* AttendeeAdvertiser.m */,
				225A6286187905EE009A7DA4 /* AttendeeBrowser.h */,
				225A6287187905EE009A7DA4 /* AttendeeBrowser.m */,
				225A6288187905EE009A7DA4 /* AttendeeRecord.h */,
				225A6289187905EE009A7DA4 /* AttendeeRecord.m */,
				225A628A187905EE009A7DA4 /* AttendeeStore.h */,
				225A628B187905EE009A7DA4 /* AttendeeStore.m */,
				225A628C187905EE009A7DA4 /* AttendeeView.h */,
				225A628D187905EE009A7DA4 /* AttendeeView.m */,
				225A628E187905EE009A7DA4 /* NSString+HashColor.h */,
				225A628F187905EE009A7DA4 /* NSString+HashColor.m */,
				225A6290187905EE009A7DA4 /* NSString+MD5.h */,
				225A6291187905EE009A7DA4 /* NSString+MD5.m */,
				225A6297187905EE009A7DA4 /* TwitterAccountViewController.h */,
				225A6298187905EE009A7DA4 /* TwitterAccountViewController.m */,
				225A6299187905EE009A7DA4 /* TwitterHistoryViewController.h */,
				225A629A187905EE009A7DA4 /* TwitterHistoryViewController.m */,
				225A629C187905EE009A7DA4 /* TwitterMobViewController.h */,
				225A629D187905EE009A7DA4 /* TwitterMobViewController.m */,
				225A629E187905EE009A7DA4 /* TwitterStore.h */,
				225A629F187905EE009A7DA4 /* TwitterStore.m */,
				225A6295187905EE009A7DA4 /* Twitter.png */,
				225A6296187905EE009A7DA4 /* Twitter@2x.png */,
			);
			path = TwitterMob;
			sourceTree = "<group>";
		};
		22961097182DB12100400C7C /* Markdown */ = {
			isa = PBXGroup;
			children = (
				22961098182DB12100400C7C /* compile.c */,
				22961099182DB12100400C7C /* greg.h */,
				2296109A182DB12100400C7C /* markdown_lib.h */,
				2296109B182DB12100400C7C /* markdown_lib.m */,
				2296109C182DB12100400C7C /* markdown_output.m */,
				2296109D182DB12100400C7C /* markdown_parser.m */,
				2296109E182DB12100400C7C /* markdown_peg.h */,
				229610A0182DB12100400C7C /* platform.h */,
				229610A1182DB12100400C7C /* tree.c */,
			);
			path = Markdown;
			sourceTree = "<group>";
		};
		22AC950F1827727700CF3379 /* Conference */ = {
			isa = PBXGroup;
			children = (
				22AC95101827727700CF3379 /* Core */,
				22961097182DB12100400C7C /* Markdown */,
				225A6281187905EE009A7DA4 /* TwitterMob */,
				2251D5D0182C8CFF006B6190 /* Resources */,
				22AC95151827727700CF3379 /* Images.xcassets */,
				22AC95161827727700CF3379 /* Supporting */,
			);
			path = Conference;
			sourceTree = "<group>";
		};
		22AC95101827727700CF3379 /* Core */ = {
			isa = PBXGroup;
			children = (
				22AC95111827727700CF3379 /* AppDelegate.h */,
				22AC95121827727700CF3379 /* AppDelegate.m */,
				22AC9543182809CF00CF3379 /* Conference.h */,
				22AC9544182809CF00CF3379 /* Conference.m */,
				22782DF718305A8B00C4CF29 /* NSMutableString+SafeAppend.h */,
				22782DF818305A8B00C4CF29 /* NSMutableString+SafeAppend.m */,
				22C2A941183EBD980012ECCB /* Nu.h */,
				22C2A940183EBD980012ECCB /* Nu.m */,
				2209C0A31833EA02000CD66A /* RadDownloadViewController.h */,
				2209C0A41833EA02000CD66A /* RadDownloadViewController.m */,
				22DE2B07183701CC0002E9BB /* RadFormDataManager.h */,
				22DE2B08183701CC0002E9BB /* RadFormDataManager.m */,
				2209C0A918347E9F000CD66A /* RadNavigationController.h */,
				2209C0AA18347E9F000CD66A /* RadNavigationController.m */,
				22C2A930183EBD720012ECCB /* RadRequest.h */,
				22C2A931183EBD720012ECCB /* RadRequest.m */,
				22C2A932183EBD720012ECCB /* RadRequestHandler.h */,
				22C2A933183EBD720012ECCB /* RadRequestHandler.m */,
				22C2A934183EBD720012ECCB /* RadRequestRouter.h */,
				22C2A935183EBD720012ECCB /* RadRequestRouter.m */,
				229610AD182F308100400C7C /* RadStyleManager.h */,
				229610AE182F308100400C7C /* RadStyleManager.m */,
				229610AA182EA5AC00400C7C /* RadTableViewCell.h */,
				229610AB182EA5AC00400C7C /* RadTableViewCell.m */,
				2251D5E9182D85B9006B6190 /* RadTableViewController.h */,
				2251D5EA182D85B9006B6190 /* RadTableViewController.m */,
				2209C0A618342359000CD66A /* RadTitleView.h */,
				2209C0A718342359000CD66A /* RadTitleView.m */,
				2221D76A182F582700B12A75 /* RadWebViewController.h */,
				2221D76B182F582700B12A75 /* RadWebViewController.m */,
				22E5168C182B24AE00099B1F /* UIImage+Mask.h */,
				22E5168D182B24AE00099B1F /* UIImage+Mask.m */,
			);
			path = Core;
			sourceTree = "<group>";
		};
		22AC95161827727700CF3379 /* Supporting */ = {
			isa = PBXGroup;
			children = (
				22AC95171827727700CF3379 /* InfoPlist.strings */,
				22AC95191827727700CF3379 /* Info.plist */,
				22AC951A1827727700CF3379 /* main.m */,
				22AC951B1827727700CF3379 /* Prefix.pch */,
			);
			path = Supporting;
			sourceTree = "<group>";
		};
		22AC95221827728700CF3379 /* Common */ = {
			isa = PBXGroup;
			children = (
				22AC955418289CF700CF3379 /* RadCrypto */,
				22AC95251827728700CF3379 /* RadHTTP */,
				22AC952E1827728700CF3379 /* Salesforce */,
				221118D3184A7413009C816E /* Usergrid */,
			);
			path = Common;
			sourceTree = "<group>";
		};
		22AC95251827728700CF3379 /* RadHTTP */ = {
			isa = PBXGroup;
			children = (
				22AC954618280AB500CF3379 /* RadHTTP.h */,
				22AC95261827728700CF3379 /* RadHTTPClient.h */,
				22AC95271827728700CF3379 /* RadHTTPClient.m */,
				22AC95281827728700CF3379 /* RadHTTPHelpers.h */,
				22AC95291827728700CF3379 /* RadHTTPHelpers.m */,
				22AC952A1827728700CF3379 /* RadHTTPResult.h */,
				22AC952B1827728700CF3379 /* RadHTTPResult.m */,
			);
			path = RadHTTP;
			sourceTree = "<group>";
		};
		22AC952E1827728700CF3379 /* Salesforce */ = {
			isa = PBXGroup;
			children = (
				22AC952F1827728700CF3379 /* SFConnection.h */,
				22AC95301827728700CF3379 /* SFConnection.m */,
			);
			path = Salesforce;
			sourceTree = "<group>";
		};
		22AC955418289CF700CF3379 /* RadCrypto */ = {
			isa = PBXGroup;
			children = (
				22AC955518289CF700CF3379 /* RadBinaryEncoding.h */,
				22AC955618289CF700CF3379 /* RadBinaryEncoding.m */,
				22AC955718289CF700CF3379 /* RadCrypto.h */,
				22AC955818289CF700CF3379 /* RadCrypto.m */,
				22AC955918289CF700CF3379 /* RadUUID.h */,
				22AC955A18289CF700CF3379 /* RadUUID.m */,
			);
			path = RadCrypto;
			sourceTree = "<group>";
		};
		824A9DCC1724E16400C9BD79 = {
			isa = PBXGroup;
			children = (
				22AC95221827728700CF3379 /* Common */,
				22AC950F1827727700CF3379 /* Conference */,
				824A9DD71724E16400C9BD79 /* Frameworks */,
				824A9DD61724E16400C9BD79 /* Products */,
			);
			sourceTree = "<group>";
		};
		824A9DD61724E16400C9BD79 /* Products */ = {
			isa = PBXGroup;
			children = (
				22AC94E51827724600CF3379 /* renio.app */,
			);
			name = Products;
			sourceTree = "<group>";
		};
		824A9DD71724E16400C9BD79 /* Frameworks */ = {
			isa = PBXGroup;
			children = (
				22120D88187617470007B346 /* CoreBluetooth.framework */,
				22120D861876173E0007B346 /* Social.framework */,
				2209C0B018352F37000CD66A /* CoreLocation.framework */,
				2209C0AE18352847000CD66A /* MapKit.framework */,
				223F07E21828B43000271ED7 /* MediaPlayer.framework */,
				223F07E01828B41E00271ED7 /* AVFoundation.framework */,
				824A9FE71725098F00C9BD79 /* libxml2.dylib */,
				824A9FE91725099600C9BD79 /* libz.dylib */,
				824A9FEB17250ADA00C9BD79 /* CFNetwork.framework */,
				824A9FED17250AE500C9BD79 /* CoreData.framework */,
				824A9DDC1724E16400C9BD79 /* CoreGraphics.framework */,
				824A9DDA1724E16400C9BD79 /* Foundation.framework */,
				824A9FEF17250B7C00C9BD79 /* MessageUI.framework */,
				824A9FF117250B8300C9BD79 /* MobileCoreServices.framework */,
				824A9FF317250BF300C9BD79 /* QuartzCore.framework */,
				824A9FF517250BFA00C9BD79 /* Security.framework */,
				824A9FF717250C0100C9BD79 /* SystemConfiguration.framework */,
				824A9DD81724E16400C9BD79 /* UIKit.framework */,
				22DC31EC1825B21E000243AA /* XCTest.framework */,
			);
			name = Frameworks;
			sourceTree = "<group>";
		};
/* End PBXGroup section */

/* Begin PBXNativeTarget section */
		22AC94E41827724600CF3379 /* renio */ = {
			isa = PBXNativeTarget;
			buildConfigurationList = 22AC95091827724600CF3379 /* Build configuration list for PBXNativeTarget "renio" */;
			buildPhases = (
				22AC94E11827724600CF3379 /* Sources */,
				22AC94E21827724600CF3379 /* Frameworks */,
				22AC94E31827724600CF3379 /* Resources */,
			);
			buildRules = (
			);
			dependencies = (
			);
			name = renio;
			productName = Conference;
			productReference = 22AC94E51827724600CF3379 /* renio.app */;
			productType = "com.apple.product-type.application";
		};
/* End PBXNativeTarget section */

/* Begin PBXProject section */
		824A9DCD1724E16400C9BD79 /* Project object */ = {
			isa = PBXProject;
			attributes = {
				LastUpgradeCheck = 0460;
				ORGANIZATIONNAME = "Radtastical Inc.";
				TargetAttributes = {
					22AC94E41827724600CF3379 = {
						DevelopmentTeam = 22LD537WYU;
					};
				};
			};
			buildConfigurationList = 824A9DD01724E16400C9BD79 /* Build configuration list for PBXProject "renio" */;
			compatibilityVersion = "Xcode 3.2";
			developmentRegion = English;
			hasScannedForEncodings = 0;
			knownRegions = (
				en,
			);
			mainGroup = 824A9DCC1724E16400C9BD79;
			productRefGroup = 824A9DD61724E16400C9BD79 /* Products */;
			projectDirPath = "";
			projectRoot = "";
			targets = (
				22AC94E41827724600CF3379 /* renio */,
			);
		};
/* End PBXProject section */

/* Begin PBXResourcesBuildPhase section */
		22AC94E31827724600CF3379 /* Resources */ = {
			isa = PBXResourcesBuildPhase;
			buildActionMask = 2147483647;
			files = (
				2251D5DC182C8CFF006B6190 /* 137-presentation@2x.png in Resources */,
				2209C0AD183497F5000CD66A /* icon-large.png in Resources */,
				225A62AA187905EE009A7DA4 /* Twitter.png in Resources */,
				2280D91F183F10DA00D43FBB /* routes.nu in Resources */,
				22AC951E1827727700CF3379 /* Images.xcassets in Resources */,
				225E49BF1878D88400073130 /* 32-circle-south.png in Resources */,
				225A62AB187905EE009A7DA4 /* Twitter@2x.png in Resources */,
				2251D5E1182C8CFF006B6190 /* 190-bank.png in Resources */,
				22DE2B061836FBCD0002E9BB /* no.png in Resources */,
				22AC951F1827727700CF3379 /* InfoPlist.strings in Resources */,
				222EB5F4183745FF004CDD51 /* rounded-256.png in Resources */,
				225E49C71878E14900073130 /* 01-refresh.png in Resources */,
				2251D5DF182C8CFF006B6190 /* 166-newspaper.png in Resources */,
				2251D5E0182C8CFF006B6190 /* 166-newspaper@2x.png in Resources */,
				2251D5E8182C90B6006B6190 /* seedling.png in Resources */,
				2251D5E6182C8F52006B6190 /* icon.png in Resources */,
				225E49C01878D88400073130 /* 32-circle-south@2x.png in Resources */,
				225E49C81878E14900073130 /* 01-refresh@2x.png in Resources */,
				225E49C41878D8B700073130 /* 209-twitter@2x.png in Resources */,
				2251D5E2182C8CFF006B6190 /* 190-bank@2x.png in Resources */,
				225E49C31878D8B700073130 /* 209-twitter.png in Resources */,
				2251D5DB182C8CFF006B6190 /* 137-presentation.png in Resources */,
				22DE2B041836FBC80002E9BB /* yes.png in Resources */,
			);
			runOnlyForDeploymentPostprocessing = 0;
		};
/* End PBXResourcesBuildPhase section */

/* Begin PBXSourcesBuildPhase section */
		22AC94E11827724600CF3379 /* Sources */ = {
			isa = PBXSourcesBuildPhase;
			buildActionMask = 2147483647;
			files = (
				229610A4182DB12100400C7C /* markdown_lib.m in Sources */,
				229610A8182DB12100400C7C /* tree.c in Sources */,
				229610A3182DB12100400C7C /* compile.c in Sources */,
				225A62A0187905EE009A7DA4 /* Attendee.m in Sources */,
				225A62A4187905EE009A7DA4 /* AttendeeStore.m in Sources */,
				225A62B0187905EE009A7DA4 /* TwitterStore.m in Sources */,
				22AC956318289CF700CF3379 /* RadUUID.m in Sources */,
				22E5168E182B24AE00099B1F /* UIImage+Mask.m in Sources */,
				225A62AC187905EE009A7DA4 /* TwitterAccountViewController.m in Sources */,
				22AC953C1827728700CF3379 /* RadHTTPResult.m in Sources */,
				225A62A7187905EE009A7DA4 /* NSString+MD5.m in Sources */,
				225A62AF187905EE009A7DA4 /* TwitterMobViewController.m in Sources */,
				22C2A937183EBD720012ECCB /* RadRequestHandler.m in Sources */,
				2209C0A818342359000CD66A /* RadTitleView.m in Sources */,
				22C2A938183EBD720012ECCB /* RadRequestRouter.m in Sources */,
				22C2A943183EBD980012ECCB /* Nu.m in Sources */,
				225A62AD187905EE009A7DA4 /* TwitterHistoryViewController.m in Sources */,
				229610AC182EA5AC00400C7C /* RadTableViewCell.m in Sources */,
				2209C0A51833EA02000CD66A /* RadDownloadViewController.m in Sources */,
				2221D76C182F582700B12A75 /* RadWebViewController.m in Sources */,
				22AC95361827728700CF3379 /* RadHTTPClient.m in Sources */,
				229610AF182F308100400C7C /* RadStyleManager.m in Sources */,
				22AC95421827728700CF3379 /* SFConnection.m in Sources */,
				2251D5EB182D85B9006B6190 /* RadTableViewController.m in Sources */,
				225A62A1187905EE009A7DA4 /* AttendeeAdvertiser.m in Sources */,
				22DE2B09183701CC0002E9BB /* RadFormDataManager.m in Sources */,
				225A62A3187905EE009A7DA4 /* AttendeeRecord.m in Sources */,
				221118D6184A7413009C816E /* UGConnection.m in Sources */,
				229610A5182DB12100400C7C /* markdown_output.m in Sources */,
				22AC951C1827727700CF3379 /* AppDelegate.m in Sources */,
				225A62A2187905EE009A7DA4 /* AttendeeBrowser.m in Sources */,
				225A62A6187905EE009A7DA4 /* NSString+HashColor.m in Sources */,
				225A62A5187905EE009A7DA4 /* AttendeeView.m in Sources */,
				22AC9545182809CF00CF3379 /* Conference.m in Sources */,
				22AC95211827727700CF3379 /* main.m in Sources */,
				229610A6182DB12100400C7C /* markdown_parser.m in Sources */,
				22AC95391827728700CF3379 /* RadHTTPHelpers.m in Sources */,
				22782DF918305A8B00C4CF29 /* NSMutableString+SafeAppend.m in Sources */,
				22AC955D18289CF700CF3379 /* RadBinaryEncoding.m in Sources */,
				22C2A936183EBD720012ECCB /* RadRequest.m in Sources */,
				22AC956018289CF700CF3379 /* RadCrypto.m in Sources */,
				2209C0AB18347E9F000CD66A /* RadNavigationController.m in Sources */,
			);
			runOnlyForDeploymentPostprocessing = 0;
		};
/* End PBXSourcesBuildPhase section */

/* Begin PBXVariantGroup section */
		22AC95171827727700CF3379 /* InfoPlist.strings */ = {
			isa = PBXVariantGroup;
			children = (
				22AC95181827727700CF3379 /* en */,
			);
			name = InfoPlist.strings;
			sourceTree = "<group>";
		};
/* End PBXVariantGroup section */

/* Begin XCBuildConfiguration section */
		22AC950A1827724600CF3379 /* Debug */ = {
			isa = XCBuildConfiguration;
			buildSettings = {
				ARCHS = "$(ARCHS_STANDARD_INCLUDING_64_BIT)";
				ASSETCATALOG_COMPILER_APPICON_NAME = AppIcon;
				ASSETCATALOG_COMPILER_LAUNCHIMAGE_NAME = LaunchImage;
				CLANG_ENABLE_MODULES = YES;
				CLANG_WARN_BOOL_CONVERSION = YES;
				CLANG_WARN_DIRECT_OBJC_ISA_USAGE = YES_ERROR;
				CLANG_WARN_OBJC_ROOT_CLASS = YES_ERROR;
				CODE_SIGN_IDENTITY = "iPhone Developer";
				"CODE_SIGN_IDENTITY[sdk=iphoneos*]" = "iPhone Developer";
				GCC_PRECOMPILE_PREFIX_HEADER = YES;
				GCC_PREFIX_HEADER = Conference/Supporting/Prefix.pch;
				GCC_PREPROCESSOR_DEFINITIONS = (
					LEVELDB_PLATFORM_POSIX,
					OS_MACOSX,
				);
				GCC_WARN_64_TO_32_BIT_CONVERSION = YES;
				GCC_WARN_ABOUT_RETURN_TYPE = YES_ERROR;
				GCC_WARN_UNDECLARED_SELECTOR = YES;
				GCC_WARN_UNUSED_FUNCTION = YES;
				HEADER_SEARCH_PATHS = (
					"$(inherited)",
					/Applications/Xcode.app/Contents/Developer/Toolchains/XcodeDefault.xctoolchain/usr/include,
					"$(SRCROOT)/Common/RadBSONTable/leveldb",
					"$(SRCROOT)/Common/RadBSONTable/leveldb/include",
				);
				INFOPLIST_FILE = "$(SRCROOT)/Conference/Supporting/Info.plist";
				IPHONEOS_DEPLOYMENT_TARGET = 7.0;
				PRODUCT_NAME = "$(TARGET_NAME)";
				PROVISIONING_PROFILE = "";
				TARGETED_DEVICE_FAMILY = "1,2";
				WRAPPER_EXTENSION = app;
			};
			name = Debug;
		};
		22AC950B1827724600CF3379 /* Release */ = {
			isa = XCBuildConfiguration;
			buildSettings = {
				ARCHS = "$(ARCHS_STANDARD_INCLUDING_64_BIT)";
				ASSETCATALOG_COMPILER_APPICON_NAME = AppIcon;
				ASSETCATALOG_COMPILER_LAUNCHIMAGE_NAME = LaunchImage;
				CLANG_ENABLE_MODULES = YES;
				CLANG_WARN_BOOL_CONVERSION = YES;
				CLANG_WARN_DIRECT_OBJC_ISA_USAGE = YES_ERROR;
				CLANG_WARN_OBJC_ROOT_CLASS = YES_ERROR;
				CODE_SIGN_IDENTITY = "iPhone Developer";
				"CODE_SIGN_IDENTITY[sdk=iphoneos*]" = "iPhone Developer";
				ENABLE_NS_ASSERTIONS = NO;
				GCC_PRECOMPILE_PREFIX_HEADER = YES;
				GCC_PREFIX_HEADER = Conference/Supporting/Prefix.pch;
				GCC_PREPROCESSOR_DEFINITIONS = (
					LEVELDB_PLATFORM_POSIX,
					OS_MACOSX,
				);
				GCC_WARN_64_TO_32_BIT_CONVERSION = YES;
				GCC_WARN_ABOUT_RETURN_TYPE = YES_ERROR;
				GCC_WARN_UNDECLARED_SELECTOR = YES;
				GCC_WARN_UNUSED_FUNCTION = YES;
				HEADER_SEARCH_PATHS = (
					"$(inherited)",
					/Applications/Xcode.app/Contents/Developer/Toolchains/XcodeDefault.xctoolchain/usr/include,
					"$(SRCROOT)/Common/RadBSONTable/leveldb",
					"$(SRCROOT)/Common/RadBSONTable/leveldb/include",
				);
				INFOPLIST_FILE = "$(SRCROOT)/Conference/Supporting/Info.plist";
				IPHONEOS_DEPLOYMENT_TARGET = 7.0;
				PRODUCT_NAME = "$(TARGET_NAME)";
				PROVISIONING_PROFILE = "";
				TARGETED_DEVICE_FAMILY = "1,2";
				WRAPPER_EXTENSION = app;
			};
			name = Release;
		};
		824A9DF91724E16400C9BD79 /* Debug */ = {
			isa = XCBuildConfiguration;
			buildSettings = {
				ALWAYS_SEARCH_USER_PATHS = NO;
				CLANG_CXX_LANGUAGE_STANDARD = "gnu++0x";
				CLANG_CXX_LIBRARY = "libc++";
				CLANG_ENABLE_OBJC_ARC = YES;
				CLANG_WARN_CONSTANT_CONVERSION = YES;
				CLANG_WARN_EMPTY_BODY = YES;
				CLANG_WARN_ENUM_CONVERSION = YES;
				CLANG_WARN_INT_CONVERSION = YES;
				CLANG_WARN__DUPLICATE_METHOD_MATCH = YES;
				"CODE_SIGN_IDENTITY[sdk=iphoneos*]" = "iPhone Developer";
				COPY_PHASE_STRIP = NO;
				GCC_C_LANGUAGE_STANDARD = gnu99;
				GCC_DYNAMIC_NO_PIC = NO;
				GCC_OPTIMIZATION_LEVEL = 0;
				GCC_PREPROCESSOR_DEFINITIONS = (
					"DEBUG=1",
					"$(inherited)",
				);
				GCC_SYMBOLS_PRIVATE_EXTERN = NO;
				GCC_WARN_ABOUT_RETURN_TYPE = YES;
				GCC_WARN_UNINITIALIZED_AUTOS = YES;
				GCC_WARN_UNUSED_VARIABLE = YES;
				IPHONEOS_DEPLOYMENT_TARGET = 6.0;
				ONLY_ACTIVE_ARCH = YES;
				SDKROOT = iphoneos;
				TARGETED_DEVICE_FAMILY = "1,2";
			};
			name = Debug;
		};
		824A9DFA1724E16400C9BD79 /* Release */ = {
			isa = XCBuildConfiguration;
			buildSettings = {
				ALWAYS_SEARCH_USER_PATHS = NO;
				CLANG_CXX_LANGUAGE_STANDARD = "gnu++0x";
				CLANG_CXX_LIBRARY = "libc++";
				CLANG_ENABLE_OBJC_ARC = YES;
				CLANG_WARN_CONSTANT_CONVERSION = YES;
				CLANG_WARN_EMPTY_BODY = YES;
				CLANG_WARN_ENUM_CONVERSION = YES;
				CLANG_WARN_INT_CONVERSION = YES;
				CLANG_WARN__DUPLICATE_METHOD_MATCH = YES;
				"CODE_SIGN_IDENTITY[sdk=iphoneos*]" = "iPhone Developer";
				COPY_PHASE_STRIP = YES;
				GCC_C_LANGUAGE_STANDARD = gnu99;
				GCC_WARN_ABOUT_RETURN_TYPE = YES;
				GCC_WARN_UNINITIALIZED_AUTOS = YES;
				GCC_WARN_UNUSED_VARIABLE = YES;
				IPHONEOS_DEPLOYMENT_TARGET = 6.0;
				OTHER_CFLAGS = "-DNS_BLOCK_ASSERTIONS=1";
				SDKROOT = iphoneos;
				TARGETED_DEVICE_FAMILY = "1,2";
				VALIDATE_PRODUCT = YES;
			};
			name = Release;
		};
/* End XCBuildConfiguration section */

/* Begin XCConfigurationList section */
		22AC95091827724600CF3379 /* Build configuration list for PBXNativeTarget "renio" */ = {
			isa = XCConfigurationList;
			buildConfigurations = (
				22AC950A1827724600CF3379 /* Debug */,
				22AC950B1827724600CF3379 /* Release */,
			);
			defaultConfigurationIsVisible = 0;
			defaultConfigurationName = Release;
		};
		824A9DD01724E16400C9BD79 /* Build configuration list for PBXProject "renio" */ = {
			isa = XCConfigurationList;
			buildConfigurations = (
				824A9DF91724E16400C9BD79 /* Debug */,
				824A9DFA1724E16400C9BD79 /* Release */,
			);
			defaultConfigurationIsVisible = 0;
			defaultConfigurationName = Release;
		};
/* End XCConfigurationList section */
	};
	rootObject = 824A9DCD1724E16400C9BD79 /* Project object */;
}
